hash: 4f3ecdd57bf13ec8334095a58a34c47498b7f979947dd18ebd385ca1b0c18046
updated: 2018-12-04T00:07:37.075666+08:00
imports:
- name: github.com/go-sql-driver/mysql
  version: 60d456a402782453be397030407e34decaf04d73
- name: github.com/go-xorm/builder
  version: 03eb88feccce3e477c318ce7f6f1b386544ab20b
- name: github.com/go-xorm/core
  version: 6bc9412b1c4d00c0a5cc9dd939a245a82cc50227
- name: github.com/go-xorm/xorm
  version: b07c4067034594d1a43e314b10153ff9cfc58f86
- name: github.com/izghua/zgh
  version: 6724045bf42cca59f61b6c435ac91063821c5a36
  subpackages:
  - conn
- name: google.golang.org/appengine
  version: 4a4468ece617fc8205e99368fa2200e9d1fad421
  subpackages:
  - cloudsql
testImports: []
